{
  "requires": true,
  "lockfileVersion": 1,
  "dependencies": {
    "@std/esm": {
      "version": "0.19.3",
      "resolved": "https://registry.npmjs.org/@std/esm/-/esm-0.19.3.tgz",
      "integrity": "sha512-CCJEHYReU7P80Wjilr7LRBxcmq08NEKJwo3n1wgf2XyXO0+Z6VBzDS2g5dtpCXfWayDv+/NsKrF35hVy6/rCmA=="
    }
  }
}
